// !$*UTF8*$!
{
	archiveVersion = 1;
	classes = {
	};
	objectVersion = 77;
	objects = {

/* Begin PBXContainerItemProxy section */
		06E2F9582D3A0D9700D69271 /* PBXContainerItemProxy */ = {
			isa = PBXContainerItemProxy;
			containerPortal = 06E2F93C2D3A0D9600D69271 /* Project object */;
			proxyType = 1;
			remoteGlobalIDString = 06E2F9432D3A0D9600D69271;
			remoteInfo = Programming;
		};
		06E2F9622D3A0D9700D69271 /* PBXContainerItemProxy */ = {
			isa = PBXContainerItemProxy;
			containerPortal = 06E2F93C2D3A0D9600D69271 /* Project object */;
			proxyType = 1;
			remoteGlobalIDString = 06E2F9432D3A0D9600D69271;
			remoteInfo = Programming;
		};
/* End PBXContainerItemProxy section */

/* Begin PBXFileReference section */
		06E2F9442D3A0D9600D69271 /* Programming.app */ = {isa = PBXFileReference; explicitFileType = wrapper.application; includeInIndex = 0; path = Programming.app; sourceTree = BUILT_PRODUCTS_DIR; };
		06E2F9572D3A0D9700D69271 /* ProgrammingTests.xctest */ = {isa = PBXFileReference; explicitFileType = wrapper.cfbundle; includeInIndex = 0; path = ProgrammingTests.xctest; sourceTree = BUILT_PRODUCTS_DIR; };
		06E2F9612D3A0D9700D69271 /* ProgrammingUITests.xctest */ = {isa = PBXFileReference; explicitFileType = wrapper.cfbundle; includeInIndex = 0; path = ProgrammingUITests.xctest; sourceTree = BUILT_PRODUCTS_DIR; };
/* End PBXFileReference section */

/* Begin PBXFileSystemSynchronizedRootGroup section */
		06E2F9462D3A0D9600D69271 /* Programming */ = {
			isa = PBXFileSystemSynchronizedRootGroup;
			path = Programming;
			sourceTree = "<group>";
		};
		06E2F95A2D3A0D9700D69271 /* ProgrammingTests */ = {
			isa = PBXFileSystemSynchronizedRootGroup;
			path = ProgrammingTests;
			sourceTree = "<group>";
		};
		06E2F9642D3A0D9700D69271 /* ProgrammingUITests */ = {
			isa = PBXFileSystemSynchronizedRootGroup;
			path = ProgrammingUITests;
			sourceTree = "<group>";
		};
/* End PBXFileSystemSynchronizedRootGroup section */

/* Begin PBXFrameworksBuildPhase section */
		06E2F9412D3A0D9600D69271 /* Frameworks */ = {
			isa = PBXFrameworksBuildPhase;
			buildActionMask = 2147483647;
			files = (
			);
			runOnlyForDeploymentPostprocessing = 0;
		};
		06E2F9542D3A0D9700D69271 /* Frameworks */ = {
			isa = PBXFrameworksBuildPhase;
			buildActionMask = 2147483647;
			files = (
			);
			runOnlyForDeploymentPostprocessing = 0;
		};
		06E2F95E2D3A0D9700D69271 /* Frameworks */ = {
			isa = PBXFrameworksBuildPhase;
			buildActionMask = 2147483647;
			files = (
			);
			runOnlyForDeploymentPostprocessing = 0;
		};
/* End PBXFrameworksBuildPhase section */

/* Begin PBXGroup section */
		06E2F93B2D3A0D9600D69271 = {
			isa = PBXGroup;
			children = (
				06E2F9462D3A0D9600D69271 /* Programming */,
				06E2F95A2D3A0D9700D69271 /* ProgrammingTests */,
				06E2F9642D3A0D9700D69271 /* ProgrammingUITests */,
				06E2F9452D3A0D9600D69271 /* Products */,
			);
			sourceTree = "<group>";
		};
		06E2F9452D3A0D9600D69271 /* Products */ = {
			isa = PBXGroup;
			children = (
				06E2F9442D3A0D9600D69271 /* Programming.app */,
				06E2F9572D3A0D9700D69271 /* ProgrammingTests.xctest */,
				06E2F9612D3A0D9700D69271 /* ProgrammingUITests.xctest */,
			);
			name = Products;
			sourceTree = "<group>";
		};
/* End PBXGroup section */

/* Begin PBXNativeTarget section */
		06E2F9432D3A0D9600D69271 /* Programming */ = {
			isa = PBXNativeTarget;
			buildConfigurationList = 06E2F96B2D3A0D9700D69271 /* Build configuration list for PBXNativeTarget "Programming" */;
			buildPhases = (
				06E2F9402D3A0D9600D69271 /* Sources */,
				06E2F9412D3A0D9600D69271 /* Frameworks */,
				06E2F9422D3A0D9600D69271 /* Resources */,
			);
			buildRules = (
			);
			dependencies = (
			);
			fileSystemSynchronizedGroups = (
				06E2F9462D3A0D9600D69271 /* Programming */,
			);
			name = Programming;
			packageProductDependencies = (
			);
			productName = Programming;
			productReference = 06E2F9442D3A0D9600D69271 /* Programming.app */;
			productType = "com.apple.product-type.application";
		};
		06E2F9562D3A0D9700D69271 /* ProgrammingTests */ = {
			isa = PBXNativeTarget;
			buildConfigurationList = 06E2F96E2D3A0D9700D69271 /* Build configuration list for PBXNativeTarget "ProgrammingTests" */;
			buildPhases = (
				06E2F9532D3A0D9700D69271 /* Sources */,
				06E2F9542D3A0D9700D69271 /* Frameworks */,
				06E2F9552D3A0D9700D69271 /* Resources */,
			);
			buildRules = (
			);
			dependencies = (
				06E2F9592D3A0D9700D69271 /* PBXTargetDependency */,
			);
			fileSystemSynchronizedGroups = (
				06E2F95A2D3A0D9700D69271 /* ProgrammingTests */,
			);
			name = ProgrammingTests;
			packageProductDependencies = (
			);
			productName = ProgrammingTests;
			productReference = 06E2F9572D3A0D9700D69271 /* ProgrammingTests.xctest */;
			productType = "com.apple.product-type.bundle.unit-test";
		};
		06E2F9602D3A0D9700D69271 /* ProgrammingUITests */ = {
			isa = PBXNativeTarget;
			buildConfigurationList = 06E2F9712D3A0D9700D69271 /* Build configuration list for PBXNativeTarget "ProgrammingUITests" */;
			buildPhases = (
				06E2F95D2D3A0D9700D69271 /* Sources */,
				06E2F95E2D3A0D9700D69271 /* Frameworks */,
				06E2F95F2D3A0D9700D69271 /* Resources */,
			);
			buildRules = (
			);
			dependencies = (
				06E2F9632D3A0D9700D69271 /* PBXTargetDependency */,
			);
			fileSystemSynchronizedGroups = (
				06E2F9642D3A0D9700D69271 /* ProgrammingUITests */,
			);
			name = ProgrammingUITests;
			packageProductDependencies = (
			);
			productName = ProgrammingUITests;
			productReference = 06E2F9612D3A0D9700D69271 /* ProgrammingUITests.xctest */;
			productType = "com.apple.product-type.bundle.ui-testing";
		};
/* End PBXNativeTarget section */

/* Begin PBXProject section */
		06E2F93C2D3A0D9600D69271 /* Project object */ = {
			isa = PBXProject;
			attributes = {
				BuildIndependentTargetsInParallel = 1;
				LastSwiftUpdateCheck = 1600;
				LastUpgradeCheck = 1600;
				TargetAttributes = {
					06E2F9432D3A0D9600D69271 = {
						CreatedOnToolsVersion = 16.0;
					};
					06E2F9562D3A0D9700D69271 = {
						CreatedOnToolsVersion = 16.0;
						TestTargetID = 06E2F9432D3A0D9600D69271;
					};
					06E2F9602D3A0D9700D69271 = {
						CreatedOnToolsVersion = 16.0;
						TestTargetID = 06E2F9432D3A0D9600D69271;
					};
				};
			};
			buildConfigurationList = 06E2F93F2D3A0D9600D69271 /* Build configuration list for PBXProject "Programming" */;
			developmentRegion = en;
			hasScannedForEncodings = 0;
			knownRegions = (
				en,
				Base,
			);
			mainGroup = 06E2F93B2D3A0D9600D69271;
			minimizedProjectReferenceProxies = 1;
			preferredProjectObjectVersion = 77;
			productRefGroup = 06E2F9452D3A0D9600D69271 /* Products */;
			projectDirPath = "";
			projectRoot = "";
			targets = (
				06E2F9432D3A0D9600D69271 /* Programming */,
				06E2F9562D3A0D9700D69271 /* ProgrammingTests */,
				06E2F9602D3A0D9700D69271 /* ProgrammingUITests */,
			);
		};
/* End PBXProject section */

/* Begin PBXResourcesBuildPhase section */
		06E2F9422D3A0D9600D69271 /* Resources */ = {
			isa = PBXResourcesBuildPhase;
			buildActionMask = 2147483647;
			files = (
			);
			runOnlyForDeploymentPostprocessing = 0;
		};
		06E2F9552D3A0D9700D69271 /* Resources */ = {
			isa = PBXResourcesBuildPhase;
			buildActionMask = 2147483647;
			files = (
			);
			runOnlyForDeploymentPostprocessing = 0;
		};
		06E2F95F2D3A0D9700D69271 /* Resources */ = {
			isa = PBXResourcesBuildPhase;
			buildActionMask = 2147483647;
			files = (
			);
			runOnlyForDeploymentPostprocessing = 0;
		};
/* End PBXResourcesBuildPhase section */

/* Begin PBXSourcesBuildPhase section */
		06E2F9402D3A0D9600D69271 /* Sources */ = {
			isa = PBXSourcesBuildPhase;
			buildActionMask = 2147483647;
			files = (
			);
			runOnlyForDeploymentPostprocessing = 0;
		};
		06E2F9532D3A0D9700D69271 /* Sources */ = {
			isa = PBXSourcesBuildPhase;
			buildActionMask = 2147483647;
			files = (
			);
			runOnlyForDeploymentPostprocessing = 0;
		};
		06E2F95D2D3A0D9700D69271 /* Sources */ = {
			isa = PBXSourcesBuildPhase;
			buildActionMask = 2147483647;
			files = (
			);
			runOnlyForDeploymentPostprocessing = 0;
		};
/* End PBXSourcesBuildPhase section */

/* Begin PBXTargetDependency section */
		06E2F9592D3A0D9700D69271 /* PBXTargetDependency */ = {
			isa = PBXTargetDependency;
			target = 06E2F9432D3A0D9600D69271 /* Programming */;
			targetProxy = 06E2F9582D3A0D9700D69271 /* PBXContainerItemProxy */;
		};
		06E2F9632D3A0D9700D69271 /* PBXTargetDependency */ = {
			isa = PBXTargetDependency;
			target = 06E2F9432D3A0D9600D69271 /* Programming */;
			targetProxy = 06E2F9622D3A0D9700D69271 /* PBXContainerItemProxy */;
		};
/* End PBXTargetDependency section */

/* Begin XCBuildConfiguration section */
		06E2F9692D3A0D9700D69271 /* Debug */ = {
			isa = XCBuildConfiguration;
			buildSettings = {
				ALWAYS_SEARCH_USER_PATHS = NO;
				ASSETCATALOG_COMPILER_GENERATE_SWIFT_ASSET_SYMBOL_EXTENSIONS = YES;
				CLANG_ANALYZER_NONNULL = YES;
				CLANG_ANALYZER_NUMBER_OBJECT_CONVERSION = YES_AGGRESSIVE;
				CLANG_CXX_LANGUAGE_STANDARD = "gnu++20";
				CLANG_ENABLE_MODULES = YES;
				CLANG_ENABLE_OBJC_ARC = YES;
				CLANG_ENABLE_OBJC_WEAK = YES;
				CLANG_WARN_BLOCK_CAPTURE_AUTORELEASING = YES;
				CLANG_WARN_BOOL_CONVERSION = YES;
				CLANG_WARN_COMMA = YES;
				CLANG_WARN_CONSTANT_CONVERSION = YES;
				CLANG_WARN_DEPRECATED_OBJC_IMPLEMENTATIONS = YES;
				CLANG_WARN_DIRECT_OBJC_ISA_USAGE = YES_ERROR;
				CLANG_WARN_DOCUMENTATION_COMMENTS = YES;
				CLANG_WARN_EMPTY_BODY = YES;
				CLANG_WARN_ENUM_CONVERSION = YES;
				CLANG_WARN_INFINITE_RECURSION = YES;
				CLANG_WARN_INT_CONVERSION = YES;
				CLANG_WARN_NON_LITERAL_NULL_CONVERSION = YES;
				CLANG_WARN_OBJC_IMPLICIT_RETAIN_SELF = YES;
				CLANG_WARN_OBJC_LITERAL_CONVERSION = YES;
				CLANG_WARN_OBJC_ROOT_CLASS = YES_ERROR;
				CLANG_WARN_QUOTED_INCLUDE_IN_FRAMEWORK_HEADER = YES;
				CLANG_WARN_RANGE_LOOP_ANALYSIS = YES;
				CLANG_WARN_STRICT_PROTOTYPES = YES;
				CLANG_WARN_SUSPICIOUS_MOVE = YES;
				CLANG_WARN_UNGUARDED_AVAILABILITY = YES_AGGRESSIVE;
				CLANG_WARN_UNREACHABLE_CODE = YES;
				CLANG_WARN__DUPLICATE_METHOD_MATCH = YES;
				COPY_PHASE_STRIP = NO;
				DEBUG_INFORMATION_FORMAT = dwarf;
				ENABLE_STRICT_OBJC_MSGSEND = YES;
				ENABLE_TESTABILITY = YES;
				ENABLE_USER_SCRIPT_SANDBOXING = YES;
				GCC_C_LANGUAGE_STANDARD = gnu17;
				GCC_DYNAMIC_NO_PIC = NO;
				GCC_NO_COMMON_BLOCKS = YES;
				GCC_OPTIMIZATION_LEVEL = 0;
				GCC_PREPROCESSOR_DEFINITIONS = (
					"DEBUG=1",
					"$(inherited)",
				);
				GCC_WARN_64_TO_32_BIT_CONVERSION = YES;
				GCC_WARN_ABOUT_RETURN_TYPE = YES_ERROR;
				GCC_WARN_UNDECLARED_SELECTOR = YES;
				GCC_WARN_UNINITIALIZED_AUTOS = YES_AGGRESSIVE;
				GCC_WARN_UNUSED_FUNCTION = YES;
				GCC_WARN_UNUSED_VARIABLE = YES;
				LOCALIZATION_PREFERS_STRING_CATALOGS = YES;
				MACOSX_DEPLOYMENT_TARGET = 15.0;
				MTL_ENABLE_DEBUG_INFO = INCLUDE_SOURCE;
				MTL_FAST_MATH = YES;
				ONLY_ACTIVE_ARCH = YES;
				SDKROOT = macosx;
				SWIFT_ACTIVE_COMPILATION_CONDITIONS = "DEBUG $(inherited)";
				SWIFT_OPTIMIZATION_LEVEL = "-Onone";
			};
			name = Debug;
		};
		06E2F96A2D3A0D9700D69271 /* Release */ = {
			isa = XCBuildConfiguration;
			buildSettings = {
				ALWAYS_SEARCH_USER_PATHS = NO;
				ASSETCATALOG_COMPILER_GENERATE_SWIFT_ASSET_SYMBOL_EXTENSIONS = YES;
				CLANG_ANALYZER_NONNULL = YES;
				CLANG_ANALYZER_NUMBER_OBJECT_CONVERSION = YES_AGGRESSIVE;
				CLANG_CXX_LANGUAGE_STANDARD = "gnu++20";
				CLANG_ENABLE_MODULES = YES;
				CLANG_ENABLE_OBJC_ARC = YES;
				CLANG_ENABLE_OBJC_WEAK = YES;
				CLANG_WARN_BLOCK_CAPTURE_AUTORELEASING = YES;
				CLANG_WARN_BOOL_CONVERSION = YES;
				CLANG_WARN_COMMA = YES;
				CLANG_WARN_CONSTANT_CONVERSION = YES;
				CLANG_WARN_DEPRECATED_OBJC_IMPLEMENTATIONS = YES;
				CLANG_WARN_DIRECT_OBJC_ISA_USAGE = YES_ERROR;
				CLANG_WARN_DOCUMENTATION_COMMENTS = YES;
				CLANG_WARN_EMPTY_BODY = YES;
				CLANG_WARN_ENUM_CONVERSION = YES;
				CLANG_WARN_INFINITE_RECURSION = YES;
				CLANG_WARN_INT_CONVERSION = YES;
				CLANG_WARN_NON_LITERAL_NULL_CONVERSION = YES;
				CLANG_WARN_OBJC_IMPLICIT_RETAIN_SELF = YES;
				CLANG_WARN_OBJC_LITERAL_CONVERSION = YES;
				CLANG_WARN_OBJC_ROOT_CLASS = YES_ERROR;
				CLANG_WARN_QUOTED_INCLUDE_IN_FRAMEWORK_HEADER = YES;
				CLANG_WARN_RANGE_LOOP_ANALYSIS = YES;
				CLANG_WARN_STRICT_PROTOTYPES = YES;
				CLANG_WARN_SUSPICIOUS_MOVE = YES;
				CLANG_WARN_UNGUARDED_AVAILABILITY = YES_AGGRESSIVE;
				CLANG_WARN_UNREACHABLE_CODE = YES;
				CLANG_WARN__DUPLICATE_METHOD_MATCH = YES;
				COPY_PHASE_STRIP = NO;
				DEBUG_INFORMATION_FORMAT = "dwarf-with-dsym";
				ENABLE_NS_ASSERTIONS = NO;
				ENABLE_STRICT_OBJC_MSGSEND = YES;
				ENABLE_USER_SCRIPT_SANDBOXING = YES;
				GCC_C_LANGUAGE_STANDARD = gnu17;
				GCC_NO_COMMON_BLOCKS = YES;
				GCC_WARN_64_TO_32_BIT_CONVERSION = YES;
				GCC_WARN_ABOUT_RETURN_TYPE = YES_ERROR;
				GCC_WARN_UNDECLARED_SELECTOR = YES;
				GCC_WARN_UNINITIALIZED_AUTOS = YES_AGGRESSIVE;
				GCC_WARN_UNUSED_FUNCTION = YES;
				GCC_WARN_UNUSED_VARIABLE = YES;
				LOCALIZATION_PREFERS_STRING_CATALOGS = YES;
				MACOSX_DEPLOYMENT_TARGET = 15.0;
				MTL_ENABLE_DEBUG_INFO = NO;
				MTL_FAST_MATH = YES;
				SDKROOT = macosx;
				SWIFT_COMPILATION_MODE = wholemodule;
			};
			name = Release;
		};
		06E2F96C2D3A0D9700D69271 /* Debug */ = {
			isa = XCBuildConfiguration;
			buildSettings = {
				ASSETCATALOG_COMPILER_APPICON_NAME = AppIcon;
				ASSETCATALOG_COMPILER_GLOBAL_ACCENT_COLOR_NAME = AccentColor;
				CODE_SIGN_ENTITLEMENTS = Programming/Programming.entitlements;
				CODE_SIGN_STYLE = Automatic;
				COMBINE_HIDPI_IMAGES = YES;
				CURRENT_PROJECT_VERSION = 1;
				DEVELOPMENT_ASSET_PATHS = "\"Programming/Preview Content\"";
				DEVELOPMENT_TEAM = FA35V6L4BT;
				ENABLE_HARDENED_RUNTIME = YES;
				ENABLE_PREVIEWS = YES;
				GENERATE_INFOPLIST_FILE = YES;
				INFOPLIST_KEY_NSHumanReadableCopyright = "";
				LD_RUNPATH_SEARCH_PATHS = (
					"$(inherited)",
					"@executable_path/../Frameworks",
				);
				MACOSX_DEPLOYMENT_TARGET = 14.0;
				MARKETING_VERSION = 1.0;
				PRODUCT_BUNDLE_IDENTIFIER = "COMP-3002.Programming";
				PRODUCT_NAME = "$(TARGET_NAME)";
				SWIFT_EMIT_LOC_STRINGS = YES;
				SWIFT_VERSION = 5.0;
			};
			name = Debug;
		};
		06E2F96D2D3A0D9700D69271 /* Release */ = {
			isa = XCBuildConfiguration;
			buildSettings = {
				ASSETCATALOG_COMPILER_APPICON_NAME = AppIcon;
				ASSETCATALOG_COMPILER_GLOBAL_ACCENT_COLOR_NAME = AccentColor;
				CODE_SIGN_ENTITLEMENTS = Programming/Programming.entitlements;
				CODE_SIGN_STYLE = Automatic;
				COMBINE_HIDPI_IMAGES = YES;
				CURRENT_PROJECT_VERSION = 1;
				DEVELOPMENT_ASSET_PATHS = "\"Programming/Preview Content\"";
				DEVELOPMENT_TEAM = FA35V6L4BT;
				ENABLE_HARDENED_RUNTIME = YES;
				ENABLE_PREVIEWS = YES;
				GENERATE_INFOPLIST_FILE = YES;
				INFOPLIST_KEY_NSHumanReadableCopyright = "";
				LD_RUNPATH_SEARCH_PATHS = (
					"$(inherited)",
					"@executable_path/../Frameworks",
				);
				MACOSX_DEPLOYMENT_TARGET = 14.0;
				MARKETING_VERSION = 1.0;
				PRODUCT_BUNDLE_IDENTIFIER = "COMP-3002.Programming";
				PRODUCT_NAME = "$(TARGET_NAME)";
				SWIFT_EMIT_LOC_STRINGS = YES;
				SWIFT_VERSION = 5.0;
			};
			name = Release;
		};
		06E2F96F2D3A0D9700D69271 /* Debug */ = {
			isa = XCBuildConfiguration;
			buildSettings = {
				BUNDLE_LOADER = "$(TEST_HOST)";
				CODE_SIGN_STYLE = Automatic;
				CURRENT_PROJECT_VERSION = 1;
				DEVELOPMENT_TEAM = FA35V6L4BT;
				GENERATE_INFOPLIST_FILE = YES;
				MACOSX_DEPLOYMENT_TARGET = 14.0;
				MARKETING_VERSION = 1.0;
				PRODUCT_BUNDLE_IDENTIFIER = "COMP-3002.ProgrammingTests";
				PRODUCT_NAME = "$(TARGET_NAME)";
				SWIFT_EMIT_LOC_STRINGS = NO;
				SWIFT_VERSION = 5.0;
				TEST_HOST = "$(BUILT_PRODUCTS_DIR)/Programming.app/$(BUNDLE_EXECUTABLE_FOLDER_PATH)/Programming";
			};
			name = Debug;
		};
		06E2F9702D3A0D9700D69271 /* Release */ = {
			isa = XCBuildConfiguration;
			buildSettings = {
				BUNDLE_LOADER = "$(TEST_HOST)";
				CODE_SIGN_STYLE = Automatic;
				CURRENT_PROJECT_VERSION = 1;
				DEVELOPMENT_TEAM = FA35V6L4BT;
				GENERATE_INFOPLIST_FILE = YES;
				MACOSX_DEPLOYMENT_TARGET = 14.0;
				MARKETING_VERSION = 1.0;
				PRODUCT_BUNDLE_IDENTIFIER = "COMP-3002.ProgrammingTests";
				PRODUCT_NAME = "$(TARGET_NAME)";
				SWIFT_EMIT_LOC_STRINGS = NO;
				SWIFT_VERSION = 5.0;
				TEST_HOST = "$(BUILT_PRODUCTS_DIR)/Programming.app/$(BUNDLE_EXECUTABLE_FOLDER_PATH)/Programming";
			};
			name = Release;
		};
		06E2F9722D3A0D9700D69271 /* Debug */ = {
			isa = XCBuildConfiguration;
			buildSettings = {
				CODE_SIGN_STYLE = Automatic;
				CURRENT_PROJECT_VERSION = 1;
				DEVELOPMENT_TEAM = FA35V6L4BT;
				GENERATE_INFOPLIST_FILE = YES;
				MARKETING_VERSION = 1.0;
				PRODUCT_BUNDLE_IDENTIFIER = "COMP-3002.ProgrammingUITests";
				PRODUCT_NAME = "$(TARGET_NAME)";
				SWIFT_EMIT_LOC_STRINGS = NO;
				SWIFT_VERSION = 5.0;
				TEST_TARGET_NAME = Programming;
			};
			name = Debug;
		};
		06E2F9732D3A0D9700D69271 /* Release */ = {
			isa = XCBuildConfiguration;
			buildSettings = {
				CODE_SIGN_STYLE = Automatic;
				CURRENT_PROJECT_VERSION = 1;
				DEVELOPMENT_TEAM = FA35V6L4BT;
				GENERATE_INFOPLIST_FILE = YES;
				MARKETING_VERSION = 1.0;
				PRODUCT_BUNDLE_IDENTIFIER = "COMP-3002.ProgrammingUITests";
				PRODUCT_NAME = "$(TARGET_NAME)";
				SWIFT_EMIT_LOC_STRINGS = NO;
				SWIFT_VERSION = 5.0;
				TEST_TARGET_NAME = Programming;
			};
			name = Release;
		};
/* End XCBuildConfiguration section */

/* Begin XCConfigurationList section */
		06E2F93F2D3A0D9600D69271 /* Build configuration list for PBXProject "Programming" */ = {
			isa = XCConfigurationList;
			buildConfigurations = (
				06E2F9692D3A0D9700D69271 /* Debug */,
				06E2F96A2D3A0D9700D69271 /* Release */,
			);
			defaultConfigurationIsVisible = 0;
			defaultConfigurationName = Release;
		};
		06E2F96B2D3A0D9700D69271 /* Build configuration list for PBXNativeTarget "Programming" */ = {
			isa = XCConfigurationList;
			buildConfigurations = (
				06E2F96C2D3A0D9700D69271 /* Debug */,
				06E2F96D2D3A0D9700D69271 /* Release */,
			);
			defaultConfigurationIsVisible = 0;
			defaultConfigurationName = Release;
		};
		06E2F96E2D3A0D9700D69271 /* Build configuration list for PBXNativeTarget "ProgrammingTests" */ = {
			isa = XCConfigurationList;
			buildConfigurations = (
				06E2F96F2D3A0D9700D69271 /* Debug */,
				06E2F9702D3A0D9700D69271 /* Release */,
			);
			defaultConfigurationIsVisible = 0;
			defaultConfigurationName = Release;
		};
		06E2F9712D3A0D9700D69271 /* Build configuration list for PBXNativeTarget "ProgrammingUITests" */ = {
			isa = XCConfigurationList;
			buildConfigurations = (
				06E2F9722D3A0D9700D69271 /* Debug */,
				06E2F9732D3A0D9700D69271 /* Release */,
			);
			defaultConfigurationIsVisible = 0;
			defaultConfigurationName = Release;
		};
/* End XCConfigurationList section */
	};
	rootObject = 06E2F93C2D3A0D9600D69271 /* Project object */;
}
